
Microsoft Visual Studio Solution File, Format Version 12.00
# Visual Studio Version 17
VisualStudioVersion = 17.8.34525.116
MinimumVisualStudioVersion = 10.0.40219.1
Project("{FAE04EC0-301F-11D3-BF4B-00C04F79EFBC}") = "SchoolProject.API", "SchoolProject\SchoolProject.API.csproj", "{2261267D-4F7B-4E0C-92D5-783CC92DB57B}"
EndProject
Project("{FAE04EC0-301F-11D3-BF4B-00C04F79EFBC}") = "SchoolProject.Core", "SchoolProject.Core\SchoolProject.Core.csproj", "{72779BDF-7621-453A-93DA-A68A63358A49}"
EndProject
Project("{FAE04EC0-301F-11D3-BF4B-00C04F79EFBC}") = "SchoolProject.Data", "SchoolProject.Data\SchoolProject.Data.csproj", "{04EBFA2F-27BC-4C8A-9B85-1A3AA6BEB3B5}"
EndProject
Project("{FAE04EC0-301F-11D3-BF4B-00C04F79EFBC}") = "SchoolProject.service", "SchoolProject.service\SchoolProject.service.csproj", "{CF74CF04-AFD2-4D5E-87C2-4DB4A36A53D0}"
EndProject
Project("{FAE04EC0-301F-11D3-BF4B-00C04F79EFBC}") = "SchoolProject.infransturture", "SchoolProject.infransturture\SchoolProject.infransturture.csproj", "{0821F796-6445-4304-9FFE-AED25D2CC708}"
EndProject
Global
	GlobalSection(SolutionConfigurationPlatforms) = preSolution
		Debug|Any CPU = Debug|Any CPU
		Release|Any CPU = Release|Any CPU
	EndGlobalSection
	GlobalSection(ProjectConfigurationPlatforms) = postSolution
		{2261267D-4F7B-4E0C-92D5-783CC92DB57B}.Debug|Any CPU.ActiveCfg = Debug|Any CPU
		{2261267D-4F7B-4E0C-92D5-783CC92DB57B}.Debug|Any CPU.Build.0 = Debug|Any CPU
		{2261267D-4F7B-4E0C-92D5-783CC92DB57B}.Release|Any CPU.ActiveCfg = Release|Any CPU
		{2261267D-4F7B-4E0C-92D5-783CC92DB57B}.Release|Any CPU.Build.0 = Release|Any CPU
		{72779BDF-7621-453A-93DA-A68A63358A49}.Debug|Any CPU.ActiveCfg = Debug|Any CPU
		{72779BDF-7621-453A-93DA-A68A63358A49}.Debug|Any CPU.Build.0 = Debug|Any CPU
		{72779BDF-7621-453A-93DA-A68A63358A49}.Release|Any CPU.ActiveCfg = Release|Any CPU
		{72779BDF-7621-453A-93DA-A68A63358A49}.Release|Any CPU.Build.0 = Release|Any CPU
		{04EBFA2F-27BC-4C8A-9B85-1A3AA6BEB3B5}.Debug|Any CPU.ActiveCfg = Debug|Any CPU
		{04EBFA2F-27BC-4C8A-9B85-1A3AA6BEB3B5}.Debug|Any CPU.Build.0 = Debug|Any CPU
		{04EBFA2F-27BC-4C8A-9B85-1A3AA6BEB3B5}.Release|Any CPU.ActiveCfg = Release|Any CPU
		{04EBFA2F-27BC-4C8A-9B85-1A3AA6BEB3B5}.Release|Any CPU.Build.0 = Release|Any CPU
		{CF74CF04-AFD2-4D5E-87C2-4DB4A36A53D0}.Debug|Any CPU.ActiveCfg = Debug|Any CPU
		{CF74CF04-AFD2-4D5E-87C2-4DB4A36A53D0}.Debug|Any CPU.Build.0 = Debug|Any CPU
		{CF74CF04-AFD2-4D5E-87C2-4DB4A36A53D0}.Release|Any CPU.ActiveCfg = Release|Any CPU
		{CF74CF04-AFD2-4D5E-87C2-4DB4A36A53D0}.Release|Any CPU.Build.0 = Release|Any CPU
		{0821F796-6445-4304-9FFE-AED25D2CC708}.Debug|Any CPU.ActiveCfg = Debug|Any CPU
		{0821F796-6445-4304-9FFE-AED25D2CC708}.Debug|Any CPU.Build.0 = Debug|Any CPU
		{0821F796-6445-4304-9FFE-AED25D2CC708}.Release|Any CPU.ActiveCfg = Release|Any CPU
		{0821F796-6445-4304-9FFE-AED25D2CC708}.Release|Any CPU.Build.0 = Release|Any CPU
	EndGlobalSection
	GlobalSection(SolutionProperties) = preSolution
		HideSolutionNode = FALSE
	EndGlobalSection
	GlobalSection(ExtensibilityGlobals) = postSolution
		SolutionGuid = {28C248DC-E9CD-42C8-AFF2-9BC4CF99608E}
	EndGlobalSection
EndGlobal
